
Microsoft Visual Studio Solution File, Format Version 12.00
# Visual Studio Version 16
VisualStudioVersion = 16.0.29613.14
MinimumVisualStudioVersion = 15.0.26124.0
Project("{2150E333-8FDC-42A3-9474-1A3956D46DE8}") = "tests", "tests", "{68B1857E-EA4D-484B-A937-2A6A928695AA}"
EndProject
Project("{2150E333-8FDC-42A3-9474-1A3956D46DE8}") = "unit", "unit", "{6C727EF9-0288-4190-8A52-519D289B18F6}"
EndProject
Project("{2150E333-8FDC-42A3-9474-1A3956D46DE8}") = "integration", "integration", "{58810256-E5A7-4895-B381-96452D180D88}"
EndProject
Project("{2150E333-8FDC-42A3-9474-1A3956D46DE8}") = "core", "core", "{499CFE93-FA24-413E-A56A-874F140F8FEA}"
EndProject
Project("{2150E333-8FDC-42A3-9474-1A3956D46DE8}") = "web", "web", "{E278D618-9311-4CC2-B07A-4D455B1C1242}"
EndProject
Project("{9A19103F-16F7-4668-BE54-9A1E7A4F7556}") = "Katz.Data", "core\Katz.Data\Katz.Data.csproj", "{B7723F49-CC11-4318-BB97-1BD705BBF6A0}"
EndProject
Project("{9A19103F-16F7-4668-BE54-9A1E7A4F7556}") = "Katz.Core", "core\Katz.Core\Katz.Core.csproj", "{7ED49AC1-E968-465F-BF30-7990514E52A2}"
EndProject
Project("{9A19103F-16F7-4668-BE54-9A1E7A4F7556}") = "Katz.Core.Tests.Unit", "tests\unit\Katz.Core.Tests.Unit\Katz.Core.Tests.Unit.csproj", "{D238CCCB-90D7-4D0D-9C03-E5139A94AC8F}"
EndProject
Project("{9A19103F-16F7-4668-BE54-9A1E7A4F7556}") = "Katz.Data.Tests.Unit", "tests\unit\Katz.Data.Tests.Unit\Katz.Data.Tests.Unit.csproj", "{97B0D533-115C-4F5F-88D5-1DE36521C32D}"
EndProject
Project("{9A19103F-16F7-4668-BE54-9A1E7A4F7556}") = "Katz.Web.Website.Tests.Unit", "tests\unit\Katz.Web.Website.Tests.Unit\Katz.Web.Website.Tests.Unit.csproj", "{4F8352B5-213C-49C7-898A-FAEEDCD97130}"
EndProject
Project("{9A19103F-16F7-4668-BE54-9A1E7A4F7556}") = "Katz.Web.Website.Tests.Integration", "tests\integration\Katz.Web.Website.Tests.Integration\Katz.Web.Website.Tests.Integration.csproj", "{B03909A6-6092-4D92-80C0-C30B294F5F52}"
EndProject
Project("{9A19103F-16F7-4668-BE54-9A1E7A4F7556}") = "Katz.Web.Website", "web\Katz.Web.Website\Katz.Web.Website.csproj", "{D5C22208-76F8-46AC-87F7-6EC94647A72A}"
EndProject
Global
	GlobalSection(SolutionConfigurationPlatforms) = preSolution
		Debug|Any CPU = Debug|Any CPU
		Debug|x64 = Debug|x64
		Debug|x86 = Debug|x86
		Release|Any CPU = Release|Any CPU
		Release|x64 = Release|x64
		Release|x86 = Release|x86
	EndGlobalSection
	GlobalSection(ProjectConfigurationPlatforms) = postSolution
		{B7723F49-CC11-4318-BB97-1BD705BBF6A0}.Debug|Any CPU.ActiveCfg = Debug|Any CPU
		{B7723F49-CC11-4318-BB97-1BD705BBF6A0}.Debug|Any CPU.Build.0 = Debug|Any CPU
		{B7723F49-CC11-4318-BB97-1BD705BBF6A0}.Debug|x64.ActiveCfg = Debug|Any CPU
		{B7723F49-CC11-4318-BB97-1BD705BBF6A0}.Debug|x64.Build.0 = Debug|Any CPU
		{B7723F49-CC11-4318-BB97-1BD705BBF6A0}.Debug|x86.ActiveCfg = Debug|Any CPU
		{B7723F49-CC11-4318-BB97-1BD705BBF6A0}.Debug|x86.Build.0 = Debug|Any CPU
		{B7723F49-CC11-4318-BB97-1BD705BBF6A0}.Release|Any CPU.ActiveCfg = Release|Any CPU
		{B7723F49-CC11-4318-BB97-1BD705BBF6A0}.Release|Any CPU.Build.0 = Release|Any CPU
		{B7723F49-CC11-4318-BB97-1BD705BBF6A0}.Release|x64.ActiveCfg = Release|Any CPU
		{B7723F49-CC11-4318-BB97-1BD705BBF6A0}.Release|x64.Build.0 = Release|Any CPU
		{B7723F49-CC11-4318-BB97-1BD705BBF6A0}.Release|x86.ActiveCfg = Release|Any CPU
		{B7723F49-CC11-4318-BB97-1BD705BBF6A0}.Release|x86.Build.0 = Release|Any CPU
		{7ED49AC1-E968-465F-BF30-7990514E52A2}.Debug|Any CPU.ActiveCfg = Debug|Any CPU
		{7ED49AC1-E968-465F-BF30-7990514E52A2}.Debug|Any CPU.Build.0 = Debug|Any CPU
		{7ED49AC1-E968-465F-BF30-7990514E52A2}.Debug|x64.ActiveCfg = Debug|Any CPU
		{7ED49AC1-E968-465F-BF30-7990514E52A2}.Debug|x64.Build.0 = Debug|Any CPU
		{7ED49AC1-E968-465F-BF30-7990514E52A2}.Debug|x86.ActiveCfg = Debug|Any CPU
		{7ED49AC1-E968-465F-BF30-7990514E52A2}.Debug|x86.Build.0 = Debug|Any CPU
		{7ED49AC1-E968-465F-BF30-7990514E52A2}.Release|Any CPU.ActiveCfg = Release|Any CPU
		{7ED49AC1-E968-465F-BF30-7990514E52A2}.Release|Any CPU.Build.0 = Release|Any CPU
		{7ED49AC1-E968-465F-BF30-7990514E52A2}.Release|x64.ActiveCfg = Release|Any CPU
		{7ED49AC1-E968-465F-BF30-7990514E52A2}.Release|x64.Build.0 = Release|Any CPU
		{7ED49AC1-E968-465F-BF30-7990514E52A2}.Release|x86.ActiveCfg = Release|Any CPU
		{7ED49AC1-E968-465F-BF30-7990514E52A2}.Release|x86.Build.0 = Release|Any CPU
		{D238CCCB-90D7-4D0D-9C03-E5139A94AC8F}.Debug|Any CPU.ActiveCfg = Debug|Any CPU
		{D238CCCB-90D7-4D0D-9C03-E5139A94AC8F}.Debug|Any CPU.Build.0 = Debug|Any CPU
		{D238CCCB-90D7-4D0D-9C03-E5139A94AC8F}.Debug|x64.ActiveCfg = Debug|Any CPU
		{D238CCCB-90D7-4D0D-9C03-E5139A94AC8F}.Debug|x64.Build.0 = Debug|Any CPU
		{D238CCCB-90D7-4D0D-9C03-E5139A94AC8F}.Debug|x86.ActiveCfg = Debug|Any CPU
		{D238CCCB-90D7-4D0D-9C03-E5139A94AC8F}.Debug|x86.Build.0 = Debug|Any CPU
		{D238CCCB-90D7-4D0D-9C03-E5139A94AC8F}.Release|Any CPU.ActiveCfg = Release|Any CPU
		{D238CCCB-90D7-4D0D-9C03-E5139A94AC8F}.Release|Any CPU.Build.0 = Release|Any CPU
		{D238CCCB-90D7-4D0D-9C03-E5139A94AC8F}.Release|x64.ActiveCfg = Release|Any CPU
		{D238CCCB-90D7-4D0D-9C03-E5139A94AC8F}.Release|x64.Build.0 = Release|Any CPU
		{D238CCCB-90D7-4D0D-9C03-E5139A94AC8F}.Release|x86.ActiveCfg = Release|Any CPU
		{D238CCCB-90D7-4D0D-9C03-E5139A94AC8F}.Release|x86.Build.0 = Release|Any CPU
		{97B0D533-115C-4F5F-88D5-1DE36521C32D}.Debug|Any CPU.ActiveCfg = Debug|Any CPU
		{97B0D533-115C-4F5F-88D5-1DE36521C32D}.Debug|Any CPU.Build.0 = Debug|Any CPU
		{97B0D533-115C-4F5F-88D5-1DE36521C32D}.Debug|x64.ActiveCfg = Debug|Any CPU
		{97B0D533-115C-4F5F-88D5-1DE36521C32D}.Debug|x64.Build.0 = Debug|Any CPU
		{97B0D533-115C-4F5F-88D5-1DE36521C32D}.Debug|x86.ActiveCfg = Debug|Any CPU
		{97B0D533-115C-4F5F-88D5-1DE36521C32D}.Debug|x86.Build.0 = Debug|Any CPU
		{97B0D533-115C-4F5F-88D5-1DE36521C32D}.Release|Any CPU.ActiveCfg = Release|Any CPU
		{97B0D533-115C-4F5F-88D5-1DE36521C32D}.Release|Any CPU.Build.0 = Release|Any CPU
		{97B0D533-115C-4F5F-88D5-1DE36521C32D}.Release|x64.ActiveCfg = Release|Any CPU
		{97B0D533-115C-4F5F-88D5-1DE36521C32D}.Release|x64.Build.0 = Release|Any CPU
		{97B0D533-115C-4F5F-88D5-1DE36521C32D}.Release|x86.ActiveCfg = Release|Any CPU
		{97B0D533-115C-4F5F-88D5-1DE36521C32D}.Release|x86.Build.0 = Release|Any CPU
		{4F8352B5-213C-49C7-898A-FAEEDCD97130}.Debug|Any CPU.ActiveCfg = Debug|Any CPU
		{4F8352B5-213C-49C7-898A-FAEEDCD97130}.Debug|Any CPU.Build.0 = Debug|Any CPU
		{4F8352B5-213C-49C7-898A-FAEEDCD97130}.Debug|x64.ActiveCfg = Debug|Any CPU
		{4F8352B5-213C-49C7-898A-FAEEDCD97130}.Debug|x64.Build.0 = Debug|Any CPU
		{4F8352B5-213C-49C7-898A-FAEEDCD97130}.Debug|x86.ActiveCfg = Debug|Any CPU
		{4F8352B5-213C-49C7-898A-FAEEDCD97130}.Debug|x86.Build.0 = Debug|Any CPU
		{4F8352B5-213C-49C7-898A-FAEEDCD97130}.Release|Any CPU.ActiveCfg = Release|Any CPU
		{4F8352B5-213C-49C7-898A-FAEEDCD97130}.Release|Any CPU.Build.0 = Release|Any CPU
		{4F8352B5-213C-49C7-898A-FAEEDCD97130}.Release|x64.ActiveCfg = Release|Any CPU
		{4F8352B5-213C-49C7-898A-FAEEDCD97130}.Release|x64.Build.0 = Release|Any CPU
		{4F8352B5-213C-49C7-898A-FAEEDCD97130}.Release|x86.ActiveCfg = Release|Any CPU
		{4F8352B5-213C-49C7-898A-FAEEDCD97130}.Release|x86.Build.0 = Release|Any CPU
		{B03909A6-6092-4D92-80C0-C30B294F5F52}.Debug|Any CPU.ActiveCfg = Debug|Any CPU
		{B03909A6-6092-4D92-80C0-C30B294F5F52}.Debug|Any CPU.Build.0 = Debug|Any CPU
		{B03909A6-6092-4D92-80C0-C30B294F5F52}.Debug|x64.ActiveCfg = Debug|Any CPU
		{B03909A6-6092-4D92-80C0-C30B294F5F52}.Debug|x64.Build.0 = Debug|Any CPU
		{B03909A6-6092-4D92-80C0-C30B294F5F52}.Debug|x86.ActiveCfg = Debug|Any CPU
		{B03909A6-6092-4D92-80C0-C30B294F5F52}.Debug|x86.Build.0 = Debug|Any CPU
		{B03909A6-6092-4D92-80C0-C30B294F5F52}.Release|Any CPU.ActiveCfg = Release|Any CPU
		{B03909A6-6092-4D92-80C0-C30B294F5F52}.Release|Any CPU.Build.0 = Release|Any CPU
		{B03909A6-6092-4D92-80C0-C30B294F5F52}.Release|x64.ActiveCfg = Release|Any CPU
		{B03909A6-6092-4D92-80C0-C30B294F5F52}.Release|x64.Build.0 = Release|Any CPU
		{B03909A6-6092-4D92-80C0-C30B294F5F52}.Release|x86.ActiveCfg = Release|Any CPU
		{B03909A6-6092-4D92-80C0-C30B294F5F52}.Release|x86.Build.0 = Release|Any CPU
		{D5C22208-76F8-46AC-87F7-6EC94647A72A}.Debug|Any CPU.ActiveCfg = Debug|Any CPU
		{D5C22208-76F8-46AC-87F7-6EC94647A72A}.Debug|Any CPU.Build.0 = Debug|Any CPU
		{D5C22208-76F8-46AC-87F7-6EC94647A72A}.Debug|x64.ActiveCfg = Debug|Any CPU
		{D5C22208-76F8-46AC-87F7-6EC94647A72A}.Debug|x64.Build.0 = Debug|Any CPU
		{D5C22208-76F8-46AC-87F7-6EC94647A72A}.Debug|x86.ActiveCfg = Debug|Any CPU
		{D5C22208-76F8-46AC-87F7-6EC94647A72A}.Debug|x86.Build.0 = Debug|Any CPU
		{D5C22208-76F8-46AC-87F7-6EC94647A72A}.Release|Any CPU.ActiveCfg = Release|Any CPU
		{D5C22208-76F8-46AC-87F7-6EC94647A72A}.Release|Any CPU.Build.0 = Release|Any CPU
		{D5C22208-76F8-46AC-87F7-6EC94647A72A}.Release|x64.ActiveCfg = Release|Any CPU
		{D5C22208-76F8-46AC-87F7-6EC94647A72A}.Release|x64.Build.0 = Release|Any CPU
		{D5C22208-76F8-46AC-87F7-6EC94647A72A}.Release|x86.ActiveCfg = Release|Any CPU
		{D5C22208-76F8-46AC-87F7-6EC94647A72A}.Release|x86.Build.0 = Release|Any CPU
	EndGlobalSection
	GlobalSection(SolutionProperties) = preSolution
		HideSolutionNode = FALSE
	EndGlobalSection
	GlobalSection(NestedProjects) = preSolution
		{6C727EF9-0288-4190-8A52-519D289B18F6} = {68B1857E-EA4D-484B-A937-2A6A928695AA}
		{58810256-E5A7-4895-B381-96452D180D88} = {68B1857E-EA4D-484B-A937-2A6A928695AA}
		{B7723F49-CC11-4318-BB97-1BD705BBF6A0} = {499CFE93-FA24-413E-A56A-874F140F8FEA}
		{7ED49AC1-E968-465F-BF30-7990514E52A2} = {499CFE93-FA24-413E-A56A-874F140F8FEA}
		{D238CCCB-90D7-4D0D-9C03-E5139A94AC8F} = {6C727EF9-0288-4190-8A52-519D289B18F6}
		{97B0D533-115C-4F5F-88D5-1DE36521C32D} = {6C727EF9-0288-4190-8A52-519D289B18F6}
		{4F8352B5-213C-49C7-898A-FAEEDCD97130} = {6C727EF9-0288-4190-8A52-519D289B18F6}
		{B03909A6-6092-4D92-80C0-C30B294F5F52} = {58810256-E5A7-4895-B381-96452D180D88}
		{D5C22208-76F8-46AC-87F7-6EC94647A72A} = {E278D618-9311-4CC2-B07A-4D455B1C1242}
	EndGlobalSection
	GlobalSection(ExtensibilityGlobals) = postSolution
		SolutionGuid = {602474D0-401B-40D6-BD0D-8A23A8B4FBAE}
	EndGlobalSection
EndGlobal
